PackratFormat: 1.4
PackratVersion: 0.4.7.1
RVersion: 3.3.0
Repos: BioCsoft=https://bioconductor.org/packages/3.3/bioc,
    BioCann=https://bioconductor.org/packages/3.3/data/annotation,
    BioCexp=https://bioconductor.org/packages/3.3/data/experiment,
    BioCextra=https://bioconductor.org/packages/3.3/extra,
    CRAN=https://cran.rstudio.com/

Package: BH
Source: CRAN
Version: 1.60.0-1
Hash: 889445e87a2acd4cc58440957f3b0d1a

Package: DBI
Source: CRAN
Version: 0.4-1
Hash: 6524d5c5d30ff74084ac028eeb19eb1b

Package: R6
Source: CRAN
Version: 2.1.2
Hash: c515e41c73294952cbb33ee1c1be5a2d

Package: RColorBrewer
Source: CRAN
Version: 1.1-2
Hash: c0d56cd15034f395874c870141870c25

Package: RCurl
Source: CRAN
Version: 1.95-4.7
Hash: 7756ed9df5d79ca87bc9e93f85d89b87
Requires: bitops

Package: RJSONIO
Source: CRAN
Version: 1.3-0
Hash: fb672e20eb6f3010a3639f855d8ef6de

Package: Rcpp
Source: CRAN
Version: 0.12.6
Hash: 79f89fabd832de0a2e60aa05d9027f32

Package: RefManageR
Source: CRAN
Version: 0.10.5
Hash: 987c0eb72c07d2e8b568f53cd22ef706
Requires: RCurl, RJSONIO, XML, bibtex, lubridate, plyr, stringr

Package: XML
Source: CRAN
Version: 3.98-1.3
Hash: 689166755239c3300769ca2d600381c6

Package: assertthat
Source: CRAN
Version: 0.1
Hash: 0afb92b59b02593c70ff8046700ba9d3

Package: base64enc
Source: CRAN
Version: 0.1-3
Hash: c590d29e555926af053055e23ee79efb

Package: bibtex
Source: CRAN
Version: 0.4.0
Hash: 1884fc6fc10f47e9c6a77bfd9370b28a

Package: bitops
Source: CRAN
Version: 1.0-6
Hash: 67d0775189fd0041d95abca618c5c07e

Package: caTools
Source: CRAN
Version: 1.17.1
Hash: 97cb6f6293cd18d17df77a6383cc6763
Requires: bitops

Package: colorspace
Source: CRAN
Version: 1.2-6
Hash: 00bb12245cd975c450cc4a960884fa15

Package: curl
Source: CRAN
Version: 0.9.5
Hash: 03562aad7537914f516bd67e9bba28b1

Package: dichromat
Source: CRAN
Version: 2.0-0
Hash: 08eed0c80510af29bb15f840ccfe37ce

Package: digest
Source: CRAN
Version: 0.6.8
Hash: de202f956596a476d09304e3a2ebf1e5

Package: dplyr
Source: CRAN
Version: 0.5.0
Hash: fc7f06a5772a1b2845ef6e74b8aff740
Requires: BH, DBI, R6, Rcpp, assertthat, lazyeval, magrittr, tibble

Package: evaluate
Source: CRAN
Version: 0.9
Hash: cf338d73ba4ee3a4fefec612cdfd38db
Requires: stringr

Package: formatR
Source: CRAN
Version: 1.2
Hash: cce53206179a99ae5a8bcf154ab5abde

Package: ggplot2
Source: CRAN
Version: 2.1.0
Hash: 50e297b0191179c39c7dcae0eff72b51
Requires: digest, gtable, plyr, reshape2, scales

Package: gtable
Source: CRAN
Version: 0.1.2
Hash: 38a0f066373a60824cd3ade2362af363

Package: highr
Source: CRAN
Version: 0.5
Hash: 25f9c02030b94c8154273699a7df9cf8

Package: htmltools
Source: CRAN
Version: 0.3.5
Hash: f81546c00234653ca3a7dcd0b7e1a757
Requires: Rcpp, digest

Package: httr
Source: CRAN
Version: 1.1.0
Hash: 27ffb4b4dbb8ac4019126070d66910fc
Requires: R6, curl, jsonlite, mime, openssl

Package: jsonlite
Source: CRAN
Version: 0.9.19
Hash: 4a983f753b6e88ae0f5a6ac152d8cc32

Package: knitauthors
Source: github
Version: 0.0.1
Hash: 9bdff792c9601b965853e78177d208ec
Requires: dplyr
GithubRepo: knitauthors
GithubUsername: jamesware
GithubRef: master
GithubSha1: 15f87cf98f561cc097d47f463905b2ca5b4ab35b

Package: knitcitations
Source: CRAN
Version: 1.0.7
Hash: 8ae09e4d9390a166ac95ca75c91767a8
Requires: RefManageR, digest, httr

Package: knitr
Source: CRAN
Version: 1.12
Hash: bbb197833ff9b57c328c0fc9f924cb92
Requires: digest, formatR, highr, yaml, markdown, stringr, evaluate

Package: labeling
Source: CRAN
Version: 0.3
Hash: ecf589b42cd284b03a4beb9665482d3e

Package: lazyeval
Source: CRAN
Version: 0.1.10
Hash: 9679f1ac7f6bc07bc79755f34cd15e1f

Package: lubridate
Source: CRAN
Version: 1.5.0
Hash: 038715dfce23c748aef45c22f46e4b75
Requires: stringr

Package: magrittr
Source: CRAN
Version: 1.5
Hash: bdc4d48c3135e8f3b399536ddf160df4

Package: markdown
Source: CRAN
Version: 0.7.7
Hash: fea2343a1119d61b0cc5c0a950d103a3
Requires: mime

Package: mime
Source: CRAN
Version: 0.3
Hash: 629133973445ad75e5438a2bb6b05c17

Package: munsell
Source: CRAN
Version: 0.4.2
Hash: 72d343a6664778029f49a7ad36de1cab
Requires: colorspace

Package: openssl
Source: CRAN
Version: 0.9.4
Hash: 5ceb5d83bba44e8e5a764ac6ad32e9fb

Package: packrat
Source: CRAN
Version: 0.4.7-1
Hash: 16ca16d36eb18d1d16113606ecc5c400

Package: pander
Source: CRAN
Version: 0.6.0
Hash: c7dc3e820aad53039a123e2242e5d566
Requires: Rcpp, digest

Package: plyr
Source: CRAN
Version: 1.8.2
Hash: 46fd0a3c03da5fc861f77b79400fd311
Requires: Rcpp

Package: reshape2
Source: CRAN
Version: 1.4.1
Hash: 55a31e20f8a216855e138ca83756a4b0
Requires: Rcpp, plyr, stringr

Package: rmarkdown
Source: CRAN
Version: 1.0
Hash: 7c60cd30594b34874a6a7e729f0a6fad
Requires: base64enc, caTools, evaluate, htmltools, jsonlite, knitr,
    yaml

Package: scales
Source: CRAN
Version: 0.3.0
Hash: 3ed76b93ca7adf79721d3533b1a1ac95
Requires: RColorBrewer, Rcpp, dichromat, labeling, munsell, plyr

Package: stringi
Source: CRAN
Version: 0.4-1
Hash: 5f5be3e0eaf1ce0228196e80c47b0ab3

Package: stringr
Source: CRAN
Version: 1.0.0
Hash: 2676dd5f88890910962b733b0f9540e1
Requires: magrittr, stringi

Package: tibble
Source: CRAN
Version: 1.1
Hash: 5467b4aa158b2d984538f7ffde17171c
Requires: Rcpp, assertthat, lazyeval

Package: tidyr
Source: CRAN
Version: 0.5.1
Hash: 56af57d037a1d229dfa50601debf3f4b
Requires: Rcpp, dplyr, lazyeval, magrittr, stringi, tibble

Package: yaml
Source: CRAN
Version: 2.1.13
Hash: 4854ccabebc225e8a7309fb4a74980de
